
Microsoft Visual Studio Solution File, Format Version 12.00
# Visual Studio Version 16
VisualStudioVersion = 16.0.29326.143
MinimumVisualStudioVersion = 10.0.40219.1
Project("{FAE04EC0-301F-11D3-BF4B-00C04F79EFBC}") = "test", "test\test.csproj", "{60070712-D109-4B9B-B9FA-01F87936584A}"
EndProject
Global
	GlobalSection(SolutionConfigurationPlatforms) = preSolution
		Debug|Any CPU = Debug|Any CPU
		Release|Any CPU = Release|Any CPU
	EndGlobalSection
	GlobalSection(ProjectConfigurationPlatforms) = postSolution
		{60070712-D109-4B9B-B9FA-01F87936584A}.Debug|Any CPU.ActiveCfg = Debug|Any CPU
		{60070712-D109-4B9B-B9FA-01F87936584A}.Debug|Any CPU.Build.0 = Debug|Any CPU
		{60070712-D109-4B9B-B9FA-01F87936584A}.Release|Any CPU.ActiveCfg = Release|Any CPU
		{60070712-D109-4B9B-B9FA-01F87936584A}.Release|Any CPU.Build.0 = Release|Any CPU
	EndGlobalSection
	GlobalSection(SolutionProperties) = preSolution
		HideSolutionNode = FALSE
	EndGlobalSection
	GlobalSection(ExtensibilityGlobals) = postSolution
		SolutionGuid = {0E395320-3005-4758-A5B0-63F4E455A597}
	EndGlobalSection
EndGlobal
